<?xml version="1.0" encoding="utf-8"?>
<Project ToolsVersion="4.0" xmlns="http://schemas.microsoft.com/developer/msbuild/2003">
  <ItemGroup>
    <ClCompile Include="pch.cpp" />
    <ClCompile Include="str_tests.cpp" />
    <ClCompile Include="arr_tests.cpp" />
    <ClCompile Include="ds_linkedlist_tests.cpp" />
    <ClCompile Include="linkedlist_tests.cpp" />
    <ClCompile Include="stack_queue_tests.cpp" />
    <ClCompile Include="graph_tests.cpp" />
  </ItemGroup>
  <ItemGroup>
    <ClInclude Include="pch.h" />
  </ItemGroup>
  <ItemGroup>
    <None Include="packages.config" />
  </ItemGroup>
</Project>